
Microsoft Visual Studio Solution File, Format Version 12.00
# Visual Studio Version 16
VisualStudioVersion = 16.0.30804.86
MinimumVisualStudioVersion = 10.0.40219.1
Project("{FAE04EC0-301F-11D3-BF4B-00C04F79EFBC}") = "Chapter1", "Chapter1\Chapter1.csproj", "{FB516AE6-4684-40C1-9A33-C00BD2F85080}"
EndProject
Project("{FAE04EC0-301F-11D3-BF4B-00C04F79EFBC}") = "Chapter2-Synchronization", "Chapter2-Synchronization\Chapter2-Synchronization.csproj", "{10978637-5164-477D-BE6D-426C46DCA29A}"
EndProject
Project("{FAE04EC0-301F-11D3-BF4B-00C04F79EFBC}") = "Chapter3_UsingAThreadPool", "Chapter3_UsingAThreadPool\Chapter3_UsingAThreadPool.csproj", "{E231A760-309A-4689-9445-694D5F4DA06C}"
EndProject
Project("{FAE04EC0-301F-11D3-BF4B-00C04F79EFBC}") = "Chapter4_UsingTaskParallelLibrary", "Chapter4_UsingTaskParallelLibrary\Chapter4_UsingTaskParallelLibrary.csproj", "{88680020-15CB-4BD4-9A37-E94E09E93ADB}"
EndProject
Project("{FAE04EC0-301F-11D3-BF4B-00C04F79EFBC}") = "Chapter4_TaskScheduler", "Chapter4_TaskScheduler\Chapter4_TaskScheduler.csproj", "{F1ABB6D3-5375-4C6D-AC43-0CD654F9F056}"
EndProject
Project("{FAE04EC0-301F-11D3-BF4B-00C04F79EFBC}") = "Chapter5_UsingCSharp6", "Chapter6_UsingCSharp6\Chapter5_UsingCSharp6.csproj", "{E9E127FB-308A-4042-BFA9-B7AC55CBCCBF}"
EndProject
Project("{FAE04EC0-301F-11D3-BF4B-00C04F79EFBC}") = "Chapter6_ConcurrentCollections", "Chapter6_ConcurrentCollections\Chapter6_ConcurrentCollections.csproj", "{C2AF0C58-6932-41F0-9AC7-F77EB02C9B6F}"
EndProject
Project("{FAE04EC0-301F-11D3-BF4B-00C04F79EFBC}") = "Chapter7_PLINQ", "Chapter7_PLINQ\Chapter7_PLINQ.csproj", "{F11EE1E2-61E9-4C47-9582-E55E93D78888}"
EndProject
Project("{FAE04EC0-301F-11D3-BF4B-00C04F79EFBC}") = "Chapter8_ReactiveExtensions", "Chap8_ReactiveExtensions\Chapter8_ReactiveExtensions.csproj", "{85CA4046-4B99-4044-83DF-4D74676A1CC0}"
EndProject
Project("{FAE04EC0-301F-11D3-BF4B-00C04F79EFBC}") = "Chapter9_UsingAsynchronousIO", "Chapter9_UsingAsynchronousIO\Chapter9_UsingAsynchronousIO.csproj", "{544B7B27-4522-4A1D-9D6B-B845CC5A88F3}"
EndProject
Project("{FAE04EC0-301F-11D3-BF4B-00C04F79EFBC}") = "Chapter10_ParallelProgrammingPatterns", "Chapter10_ParallelProgrammingPatterns\Chapter10_ParallelProgrammingPatterns.csproj", "{88490323-9AE2-4C60-9FE8-9A79B64ECAA3}"
EndProject
Global
	GlobalSection(SolutionConfigurationPlatforms) = preSolution
		Debug|Any CPU = Debug|Any CPU
		Release|Any CPU = Release|Any CPU
	EndGlobalSection
	GlobalSection(ProjectConfigurationPlatforms) = postSolution
		{FB516AE6-4684-40C1-9A33-C00BD2F85080}.Debug|Any CPU.ActiveCfg = Debug|Any CPU
		{FB516AE6-4684-40C1-9A33-C00BD2F85080}.Debug|Any CPU.Build.0 = Debug|Any CPU
		{FB516AE6-4684-40C1-9A33-C00BD2F85080}.Release|Any CPU.ActiveCfg = Release|Any CPU
		{FB516AE6-4684-40C1-9A33-C00BD2F85080}.Release|Any CPU.Build.0 = Release|Any CPU
		{10978637-5164-477D-BE6D-426C46DCA29A}.Debug|Any CPU.ActiveCfg = Debug|Any CPU
		{10978637-5164-477D-BE6D-426C46DCA29A}.Debug|Any CPU.Build.0 = Debug|Any CPU
		{10978637-5164-477D-BE6D-426C46DCA29A}.Release|Any CPU.ActiveCfg = Release|Any CPU
		{10978637-5164-477D-BE6D-426C46DCA29A}.Release|Any CPU.Build.0 = Release|Any CPU
		{E231A760-309A-4689-9445-694D5F4DA06C}.Debug|Any CPU.ActiveCfg = Debug|Any CPU
		{E231A760-309A-4689-9445-694D5F4DA06C}.Debug|Any CPU.Build.0 = Debug|Any CPU
		{E231A760-309A-4689-9445-694D5F4DA06C}.Release|Any CPU.ActiveCfg = Release|Any CPU
		{E231A760-309A-4689-9445-694D5F4DA06C}.Release|Any CPU.Build.0 = Release|Any CPU
		{88680020-15CB-4BD4-9A37-E94E09E93ADB}.Debug|Any CPU.ActiveCfg = Debug|Any CPU
		{88680020-15CB-4BD4-9A37-E94E09E93ADB}.Debug|Any CPU.Build.0 = Debug|Any CPU
		{88680020-15CB-4BD4-9A37-E94E09E93ADB}.Release|Any CPU.ActiveCfg = Release|Any CPU
		{88680020-15CB-4BD4-9A37-E94E09E93ADB}.Release|Any CPU.Build.0 = Release|Any CPU
		{F1ABB6D3-5375-4C6D-AC43-0CD654F9F056}.Debug|Any CPU.ActiveCfg = Debug|Any CPU
		{F1ABB6D3-5375-4C6D-AC43-0CD654F9F056}.Debug|Any CPU.Build.0 = Debug|Any CPU
		{F1ABB6D3-5375-4C6D-AC43-0CD654F9F056}.Release|Any CPU.ActiveCfg = Release|Any CPU
		{F1ABB6D3-5375-4C6D-AC43-0CD654F9F056}.Release|Any CPU.Build.0 = Release|Any CPU
		{E9E127FB-308A-4042-BFA9-B7AC55CBCCBF}.Debug|Any CPU.ActiveCfg = Debug|Any CPU
		{E9E127FB-308A-4042-BFA9-B7AC55CBCCBF}.Debug|Any CPU.Build.0 = Debug|Any CPU
		{E9E127FB-308A-4042-BFA9-B7AC55CBCCBF}.Release|Any CPU.ActiveCfg = Release|Any CPU
		{E9E127FB-308A-4042-BFA9-B7AC55CBCCBF}.Release|Any CPU.Build.0 = Release|Any CPU
		{C2AF0C58-6932-41F0-9AC7-F77EB02C9B6F}.Debug|Any CPU.ActiveCfg = Debug|Any CPU
		{C2AF0C58-6932-41F0-9AC7-F77EB02C9B6F}.Debug|Any CPU.Build.0 = Debug|Any CPU
		{C2AF0C58-6932-41F0-9AC7-F77EB02C9B6F}.Release|Any CPU.ActiveCfg = Release|Any CPU
		{C2AF0C58-6932-41F0-9AC7-F77EB02C9B6F}.Release|Any CPU.Build.0 = Release|Any CPU
		{F11EE1E2-61E9-4C47-9582-E55E93D78888}.Debug|Any CPU.ActiveCfg = Debug|Any CPU
		{F11EE1E2-61E9-4C47-9582-E55E93D78888}.Debug|Any CPU.Build.0 = Debug|Any CPU
		{F11EE1E2-61E9-4C47-9582-E55E93D78888}.Release|Any CPU.ActiveCfg = Release|Any CPU
		{F11EE1E2-61E9-4C47-9582-E55E93D78888}.Release|Any CPU.Build.0 = Release|Any CPU
		{85CA4046-4B99-4044-83DF-4D74676A1CC0}.Debug|Any CPU.ActiveCfg = Debug|Any CPU
		{85CA4046-4B99-4044-83DF-4D74676A1CC0}.Debug|Any CPU.Build.0 = Debug|Any CPU
		{85CA4046-4B99-4044-83DF-4D74676A1CC0}.Release|Any CPU.ActiveCfg = Release|Any CPU
		{85CA4046-4B99-4044-83DF-4D74676A1CC0}.Release|Any CPU.Build.0 = Release|Any CPU
		{544B7B27-4522-4A1D-9D6B-B845CC5A88F3}.Debug|Any CPU.ActiveCfg = Debug|Any CPU
		{544B7B27-4522-4A1D-9D6B-B845CC5A88F3}.Debug|Any CPU.Build.0 = Debug|Any CPU
		{544B7B27-4522-4A1D-9D6B-B845CC5A88F3}.Release|Any CPU.ActiveCfg = Release|Any CPU
		{544B7B27-4522-4A1D-9D6B-B845CC5A88F3}.Release|Any CPU.Build.0 = Release|Any CPU
		{88490323-9AE2-4C60-9FE8-9A79B64ECAA3}.Debug|Any CPU.ActiveCfg = Debug|Any CPU
		{88490323-9AE2-4C60-9FE8-9A79B64ECAA3}.Debug|Any CPU.Build.0 = Debug|Any CPU
		{88490323-9AE2-4C60-9FE8-9A79B64ECAA3}.Release|Any CPU.ActiveCfg = Release|Any CPU
		{88490323-9AE2-4C60-9FE8-9A79B64ECAA3}.Release|Any CPU.Build.0 = Release|Any CPU
	EndGlobalSection
	GlobalSection(SolutionProperties) = preSolution
		HideSolutionNode = FALSE
	EndGlobalSection
	GlobalSection(ExtensibilityGlobals) = postSolution
		SolutionGuid = {C56E0AEA-6A47-44B4-A213-2912C3C564A6}
	EndGlobalSection
EndGlobal
