
Microsoft Visual Studio Solution File, Format Version 12.00
# Visual Studio Version 16
VisualStudioVersion = 16.0.30804.86
MinimumVisualStudioVersion = 10.0.40219.1
Project("{FAE04EC0-301F-11D3-BF4B-00C04F79EFBC}") = "Chapter1", "Chapter1\Chapter1.csproj", "{FB516AE6-4684-40C1-9A33-C00BD2F85080}"
EndProject
Project("{FAE04EC0-301F-11D3-BF4B-00C04F79EFBC}") = "Chapter2-Synchronization", "Chapter2-Synchronization\Chapter2-Synchronization.csproj", "{10978637-5164-477D-BE6D-426C46DCA29A}"
EndProject
Project("{FAE04EC0-301F-11D3-BF4B-00C04F79EFBC}") = "Chapter3_UsingAThreadPool", "Chapter3_UsingAThreadPool\Chapter3_UsingAThreadPool.csproj", "{E231A760-309A-4689-9445-694D5F4DA06C}"
EndProject
Global
	GlobalSection(SolutionConfigurationPlatforms) = preSolution
		Debug|Any CPU = Debug|Any CPU
		Release|Any CPU = Release|Any CPU
	EndGlobalSection
	GlobalSection(ProjectConfigurationPlatforms) = postSolution
		{FB516AE6-4684-40C1-9A33-C00BD2F85080}.Debug|Any CPU.ActiveCfg = Debug|Any CPU
		{FB516AE6-4684-40C1-9A33-C00BD2F85080}.Debug|Any CPU.Build.0 = Debug|Any CPU
		{FB516AE6-4684-40C1-9A33-C00BD2F85080}.Release|Any CPU.ActiveCfg = Release|Any CPU
		{FB516AE6-4684-40C1-9A33-C00BD2F85080}.Release|Any CPU.Build.0 = Release|Any CPU
		{10978637-5164-477D-BE6D-426C46DCA29A}.Debug|Any CPU.ActiveCfg = Debug|Any CPU
		{10978637-5164-477D-BE6D-426C46DCA29A}.Debug|Any CPU.Build.0 = Debug|Any CPU
		{10978637-5164-477D-BE6D-426C46DCA29A}.Release|Any CPU.ActiveCfg = Release|Any CPU
		{10978637-5164-477D-BE6D-426C46DCA29A}.Release|Any CPU.Build.0 = Release|Any CPU
		{E231A760-309A-4689-9445-694D5F4DA06C}.Debug|Any CPU.ActiveCfg = Debug|Any CPU
		{E231A760-309A-4689-9445-694D5F4DA06C}.Debug|Any CPU.Build.0 = Debug|Any CPU
		{E231A760-309A-4689-9445-694D5F4DA06C}.Release|Any CPU.ActiveCfg = Release|Any CPU
		{E231A760-309A-4689-9445-694D5F4DA06C}.Release|Any CPU.Build.0 = Release|Any CPU
	EndGlobalSection
	GlobalSection(SolutionProperties) = preSolution
		HideSolutionNode = FALSE
	EndGlobalSection
	GlobalSection(ExtensibilityGlobals) = postSolution
		SolutionGuid = {C56E0AEA-6A47-44B4-A213-2912C3C564A6}
	EndGlobalSection
EndGlobal
